
Microsoft Visual Studio Solution File, Format Version 12.00
# Visual Studio Version 17
VisualStudioVersion = 17.7.34221.43
MinimumVisualStudioVersion = 10.0.40219.1
Project("{FAE04EC0-301F-11D3-BF4B-00C04F79EFBC}") = "GitDemoApp", "GitDemoApp\GitDemoApp.csproj", "{06DE7D6C-7A34-42F3-9F8D-1E3DB546168A}"
EndProject
Global
	GlobalSection(SolutionConfigurationPlatforms) = preSolution
		Debug|Any CPU = Debug|Any CPU
		Release|Any CPU = Release|Any CPU
	EndGlobalSection
	GlobalSection(ProjectConfigurationPlatforms) = postSolution
		{06DE7D6C-7A34-42F3-9F8D-1E3DB546168A}.Debug|Any CPU.ActiveCfg = Debug|Any CPU
		{06DE7D6C-7A34-42F3-9F8D-1E3DB546168A}.Debug|Any CPU.Build.0 = Debug|Any CPU
		{06DE7D6C-7A34-42F3-9F8D-1E3DB546168A}.Release|Any CPU.ActiveCfg = Release|Any CPU
		{06DE7D6C-7A34-42F3-9F8D-1E3DB546168A}.Release|Any CPU.Build.0 = Release|Any CPU
	EndGlobalSection
	GlobalSection(SolutionProperties) = preSolution
		HideSolutionNode = FALSE
	EndGlobalSection
	GlobalSection(ExtensibilityGlobals) = postSolution
		SolutionGuid = {BFE037AE-F95D-46C4-A7EA-8466052F4CF5}
	EndGlobalSection
EndGlobal
